Microsoft Visual Studio Solution File, Format Version 12.00
# Visual Studio Version 17
VisualStudioVersion = 17.5.2.0
MinimumVisualStudioVersion = 10.0.40219.1
Project("{FAE04EC0-301F-11D3-BF4B-00C04F79EFBC}") = "1000", "1000\1000.csproj", "{064EF2CB-36E9-261D-F937-3862D01F021D}"
EndProject
Project("{FAE04EC0-301F-11D3-BF4B-00C04F79EFBC}") = "1001", "1001\1001.csproj", "{5DF8E465-6793-4A56-4185-68F98E11BDCC}"
EndProject
Project("{FAE04EC0-301F-11D3-BF4B-00C04F79EFBC}") = "1002", "1002\1002.csproj", "{EB4E44BF-82F6-6559-F23F-1E6F348671D2}"
EndProject
Project("{FAE04EC0-301F-11D3-BF4B-00C04F79EFBC}") = "1003", "1003\1003.csproj", "{A7EBABAB-9964-981D-B903-47F7F159D7DA}"
EndProject
Project("{FAE04EC0-301F-11D3-BF4B-00C04F79EFBC}") = "1004", "1004\1004.csproj", "{D3BDC9AA-1582-CD48-13A6-A5735E4E0EF6}"
EndProject
Project("{FAE04EC0-301F-11D3-BF4B-00C04F79EFBC}") = "1005", "1005\1005.csproj", "{EA9CB57B-9F29-946E-73E3-8D45F8290E36}"
EndProject
Project("{FAE04EC0-301F-11D3-BF4B-00C04F79EFBC}") = "1006", "1006\1006.csproj", "{559809DE-9211-0618-9120-3181084496FE}"
EndProject
Project("{FAE04EC0-301F-11D3-BF4B-00C04F79EFBC}") = "1007", "1007\1007.csproj", "{ADC469F4-D329-8421-6B76-50BE19FF732F}"
EndProject
Project("{FAE04EC0-301F-11D3-BF4B-00C04F79EFBC}") = "1008", "1008\1008.csproj", "{7FE26540-3CC0-ED45-52E8-FED6BFFBC001}"
EndProject
Project("{FAE04EC0-301F-11D3-BF4B-00C04F79EFBC}") = "1009", "1009\1009.csproj", "{820D72E7-D0BC-7BF4-54D5-D55844B3853D}"
EndProject
Project("{FAE04EC0-301F-11D3-BF4B-00C04F79EFBC}") = "1010", "1010\1010.csproj", "{18A9CC90-ABC0-0C82-2A96-6B8B8193D8BA}"
EndProject
Project("{FAE04EC0-301F-11D3-BF4B-00C04F79EFBC}") = "1011", "1011\1011.csproj", "{1B61A2B9-3218-6A89-9E5C-802598897345}"
EndProject
Project("{FAE04EC0-301F-11D3-BF4B-00C04F79EFBC}") = "1012", "1012\1012.csproj", "{D7EB70EC-B81F-06B2-350B-D728A4B3205A}"
EndProject
Project("{FAE04EC0-301F-11D3-BF4B-00C04F79EFBC}") = "1013", "1013\1013.csproj", "{8489A271-04D4-A612-8957-02491E2E719C}"
EndProject
Project("{FAE04EC0-301F-11D3-BF4B-00C04F79EFBC}") = "1014", "1014\1014.csproj", "{E55275A1-EEC8-33C6-BB5A-91548D3E2AB2}"
EndProject
Project("{FAE04EC0-301F-11D3-BF4B-00C04F79EFBC}") = "1015", "1015\1015.csproj", "{9C2965A3-9017-7327-B7EF-696834984C9C}"
EndProject
Project("{FAE04EC0-301F-11D3-BF4B-00C04F79EFBC}") = "1016", "1016\1016.csproj", "{9A8E9494-6C87-2AB0-9090-6539CA5486CB}"
EndProject
Project("{FAE04EC0-301F-11D3-BF4B-00C04F79EFBC}") = "1017", "1017\1017.csproj", "{368A7EAD-68F2-B2F8-0A95-31C5A52C8525}"
EndProject
Project("{FAE04EC0-301F-11D3-BF4B-00C04F79EFBC}") = "1018", "1018\1018.csproj", "{E17EC6BD-A63F-008D-2BB7-7A562D0A89A1}"
EndProject
Project("{FAE04EC0-301F-11D3-BF4B-00C04F79EFBC}") = "1019", "1019\1019.csproj", "{04C37C22-F152-69DC-A72A-3C8C662D050A}"
EndProject
Project("{FAE04EC0-301F-11D3-BF4B-00C04F79EFBC}") = "1020", "1020\1020.csproj", "{69EFBAD6-4C8F-6302-CD1E-F57CF3E8012A}"
EndProject
Project("{FAE04EC0-301F-11D3-BF4B-00C04F79EFBC}") = "1021", "1021\1021.csproj", "{8BD82A11-EE78-8DE7-0902-9B495C8061A5}"
EndProject
Project("{FAE04EC0-301F-11D3-BF4B-00C04F79EFBC}") = "1036", "1036\1036.csproj", "{29AA2091-9644-496D-272F-2646165D29B7}"
EndProject
Project("{FAE04EC0-301F-11D3-BF4B-00C04F79EFBC}") = "1037", "1037\1037.csproj", "{C05D5B52-3BB6-5D56-FA18-3C658F90382F}"
EndProject
Project("{FAE04EC0-301F-11D3-BF4B-00C04F79EFBC}") = "1038", "1038\1038.csproj", "{1C9AFE31-A0E7-C14D-A78F-337C37CC2926}"
EndProject
Project("{FAE04EC0-301F-11D3-BF4B-00C04F79EFBC}") = "1040", "1040\1040.csproj", "{99BC77AA-5E24-DEBF-1CD0-40D7CA64CABB}"
EndProject
Project("{FAE04EC0-301F-11D3-BF4B-00C04F79EFBC}") = "1041", "1041\1041.csproj", "{D32C5FD7-EA37-659B-0A28-6B674AC4BB38}"
EndProject
Project("{FAE04EC0-301F-11D3-BF4B-00C04F79EFBC}") = "1042", "1042\1042.csproj", "{C1689504-ADAB-EC44-44CE-C23DB3024B46}"
EndProject
Project("{FAE04EC0-301F-11D3-BF4B-00C04F79EFBC}") = "1043", "1043\1043.csproj", "{EDA8EA0D-CD73-3129-2D81-425AE3D94808}"
EndProject
Project("{FAE04EC0-301F-11D3-BF4B-00C04F79EFBC}") = "1044", "1044\1044.csproj", "{51122350-27B0-87B2-F5A0-DF65863EE967}"
EndProject
Project("{FAE04EC0-301F-11D3-BF4B-00C04F79EFBC}") = "1045", "1045\1045.csproj", "{0DFDBD2D-8343-E890-F6BB-9E2D84FF8E62}"
EndProject
Global
	GlobalSection(SolutionConfigurationPlatforms) = preSolution
		Debug|Any CPU = Debug|Any CPU
		Release|Any CPU = Release|Any CPU
	EndGlobalSection
	GlobalSection(ProjectConfigurationPlatforms) = postSolution
		{064EF2CB-36E9-261D-F937-3862D01F021D}.Debug|Any CPU.ActiveCfg = Debug|Any CPU
		{064EF2CB-36E9-261D-F937-3862D01F021D}.Debug|Any CPU.Build.0 = Debug|Any CPU
		{064EF2CB-36E9-261D-F937-3862D01F021D}.Release|Any CPU.ActiveCfg = Release|Any CPU
		{064EF2CB-36E9-261D-F937-3862D01F021D}.Release|Any CPU.Build.0 = Release|Any CPU
		{5DF8E465-6793-4A56-4185-68F98E11BDCC}.Debug|Any CPU.ActiveCfg = Debug|Any CPU
		{5DF8E465-6793-4A56-4185-68F98E11BDCC}.Debug|Any CPU.Build.0 = Debug|Any CPU
		{5DF8E465-6793-4A56-4185-68F98E11BDCC}.Release|Any CPU.ActiveCfg = Release|Any CPU
		{5DF8E465-6793-4A56-4185-68F98E11BDCC}.Release|Any CPU.Build.0 = Release|Any CPU
		{EB4E44BF-82F6-6559-F23F-1E6F348671D2}.Debug|Any CPU.ActiveCfg = Debug|Any CPU
		{EB4E44BF-82F6-6559-F23F-1E6F348671D2}.Debug|Any CPU.Build.0 = Debug|Any CPU
		{EB4E44BF-82F6-6559-F23F-1E6F348671D2}.Release|Any CPU.ActiveCfg = Release|Any CPU
		{EB4E44BF-82F6-6559-F23F-1E6F348671D2}.Release|Any CPU.Build.0 = Release|Any CPU
		{A7EBABAB-9964-981D-B903-47F7F159D7DA}.Debug|Any CPU.ActiveCfg = Debug|Any CPU
		{A7EBABAB-9964-981D-B903-47F7F159D7DA}.Debug|Any CPU.Build.0 = Debug|Any CPU
		{A7EBABAB-9964-981D-B903-47F7F159D7DA}.Release|Any CPU.ActiveCfg = Release|Any CPU
		{A7EBABAB-9964-981D-B903-47F7F159D7DA}.Release|Any CPU.Build.0 = Release|Any CPU
		{D3BDC9AA-1582-CD48-13A6-A5735E4E0EF6}.Debug|Any CPU.ActiveCfg = Debug|Any CPU
		{D3BDC9AA-1582-CD48-13A6-A5735E4E0EF6}.Debug|Any CPU.Build.0 = Debug|Any CPU
		{D3BDC9AA-1582-CD48-13A6-A5735E4E0EF6}.Release|Any CPU.ActiveCfg = Release|Any CPU
		{D3BDC9AA-1582-CD48-13A6-A5735E4E0EF6}.Release|Any CPU.Build.0 = Release|Any CPU
		{EA9CB57B-9F29-946E-73E3-8D45F8290E36}.Debug|Any CPU.ActiveCfg = Debug|Any CPU
		{EA9CB57B-9F29-946E-73E3-8D45F8290E36}.Debug|Any CPU.Build.0 = Debug|Any CPU
		{EA9CB57B-9F29-946E-73E3-8D45F8290E36}.Release|Any CPU.ActiveCfg = Release|Any CPU
		{EA9CB57B-9F29-946E-73E3-8D45F8290E36}.Release|Any CPU.Build.0 = Release|Any CPU
		{559809DE-9211-0618-9120-3181084496FE}.Debug|Any CPU.ActiveCfg = Debug|Any CPU
		{559809DE-9211-0618-9120-3181084496FE}.Debug|Any CPU.Build.0 = Debug|Any CPU
		{559809DE-9211-0618-9120-3181084496FE}.Release|Any CPU.ActiveCfg = Release|Any CPU
		{559809DE-9211-0618-9120-3181084496FE}.Release|Any CPU.Build.0 = Release|Any CPU
		{ADC469F4-D329-8421-6B76-50BE19FF732F}.Debug|Any CPU.ActiveCfg = Debug|Any CPU
		{ADC469F4-D329-8421-6B76-50BE19FF732F}.Debug|Any CPU.Build.0 = Debug|Any CPU
		{ADC469F4-D329-8421-6B76-50BE19FF732F}.Release|Any CPU.ActiveCfg = Release|Any CPU
		{ADC469F4-D329-8421-6B76-50BE19FF732F}.Release|Any CPU.Build.0 = Release|Any CPU
		{7FE26540-3CC0-ED45-52E8-FED6BFFBC001}.Debug|Any CPU.ActiveCfg = Debug|Any CPU
		{7FE26540-3CC0-ED45-52E8-FED6BFFBC001}.Debug|Any CPU.Build.0 = Debug|Any CPU
		{7FE26540-3CC0-ED45-52E8-FED6BFFBC001}.Release|Any CPU.ActiveCfg = Release|Any CPU
		{7FE26540-3CC0-ED45-52E8-FED6BFFBC001}.Release|Any CPU.Build.0 = Release|Any CPU
		{820D72E7-D0BC-7BF4-54D5-D55844B3853D}.Debug|Any CPU.ActiveCfg = Debug|Any CPU
		{820D72E7-D0BC-7BF4-54D5-D55844B3853D}.Debug|Any CPU.Build.0 = Debug|Any CPU
		{820D72E7-D0BC-7BF4-54D5-D55844B3853D}.Release|Any CPU.ActiveCfg = Release|Any CPU
		{820D72E7-D0BC-7BF4-54D5-D55844B3853D}.Release|Any CPU.Build.0 = Release|Any CPU
		{18A9CC90-ABC0-0C82-2A96-6B8B8193D8BA}.Debug|Any CPU.ActiveCfg = Debug|Any CPU
		{18A9CC90-ABC0-0C82-2A96-6B8B8193D8BA}.Debug|Any CPU.Build.0 = Debug|Any CPU
		{18A9CC90-ABC0-0C82-2A96-6B8B8193D8BA}.Release|Any CPU.ActiveCfg = Release|Any CPU
		{18A9CC90-ABC0-0C82-2A96-6B8B8193D8BA}.Release|Any CPU.Build.0 = Release|Any CPU
		{1B61A2B9-3218-6A89-9E5C-802598897345}.Debug|Any CPU.ActiveCfg = Debug|Any CPU
		{1B61A2B9-3218-6A89-9E5C-802598897345}.Debug|Any CPU.Build.0 = Debug|Any CPU
		{1B61A2B9-3218-6A89-9E5C-802598897345}.Release|Any CPU.ActiveCfg = Release|Any CPU
		{1B61A2B9-3218-6A89-9E5C-802598897345}.Release|Any CPU.Build.0 = Release|Any CPU
		{D7EB70EC-B81F-06B2-350B-D728A4B3205A}.Debug|Any CPU.ActiveCfg = Debug|Any CPU
		{D7EB70EC-B81F-06B2-350B-D728A4B3205A}.Debug|Any CPU.Build.0 = Debug|Any CPU
		{D7EB70EC-B81F-06B2-350B-D728A4B3205A}.Release|Any CPU.ActiveCfg = Release|Any CPU
		{D7EB70EC-B81F-06B2-350B-D728A4B3205A}.Release|Any CPU.Build.0 = Release|Any CPU
		{8489A271-04D4-A612-8957-02491E2E719C}.Debug|Any CPU.ActiveCfg = Debug|Any CPU
		{8489A271-04D4-A612-8957-02491E2E719C}.Debug|Any CPU.Build.0 = Debug|Any CPU
		{8489A271-04D4-A612-8957-02491E2E719C}.Release|Any CPU.ActiveCfg = Release|Any CPU
		{8489A271-04D4-A612-8957-02491E2E719C}.Release|Any CPU.Build.0 = Release|Any CPU
		{E55275A1-EEC8-33C6-BB5A-91548D3E2AB2}.Debug|Any CPU.ActiveCfg = Debug|Any CPU
		{E55275A1-EEC8-33C6-BB5A-91548D3E2AB2}.Debug|Any CPU.Build.0 = Debug|Any CPU
		{E55275A1-EEC8-33C6-BB5A-91548D3E2AB2}.Release|Any CPU.ActiveCfg = Release|Any CPU
		{E55275A1-EEC8-33C6-BB5A-91548D3E2AB2}.Release|Any CPU.Build.0 = Release|Any CPU
		{9C2965A3-9017-7327-B7EF-696834984C9C}.Debug|Any CPU.ActiveCfg = Debug|Any CPU
		{9C2965A3-9017-7327-B7EF-696834984C9C}.Debug|Any CPU.Build.0 = Debug|Any CPU
		{9C2965A3-9017-7327-B7EF-696834984C9C}.Release|Any CPU.ActiveCfg = Release|Any CPU
		{9C2965A3-9017-7327-B7EF-696834984C9C}.Release|Any CPU.Build.0 = Release|Any CPU
		{9A8E9494-6C87-2AB0-9090-6539CA5486CB}.Debug|Any CPU.ActiveCfg = Debug|Any CPU
		{9A8E9494-6C87-2AB0-9090-6539CA5486CB}.Debug|Any CPU.Build.0 = Debug|Any CPU
		{9A8E9494-6C87-2AB0-9090-6539CA5486CB}.Release|Any CPU.ActiveCfg = Release|Any CPU
		{9A8E9494-6C87-2AB0-9090-6539CA5486CB}.Release|Any CPU.Build.0 = Release|Any CPU
		{368A7EAD-68F2-B2F8-0A95-31C5A52C8525}.Debug|Any CPU.ActiveCfg = Debug|Any CPU
		{368A7EAD-68F2-B2F8-0A95-31C5A52C8525}.Debug|Any CPU.Build.0 = Debug|Any CPU
		{368A7EAD-68F2-B2F8-0A95-31C5A52C8525}.Release|Any CPU.ActiveCfg = Release|Any CPU
		{368A7EAD-68F2-B2F8-0A95-31C5A52C8525}.Release|Any CPU.Build.0 = Release|Any CPU
		{E17EC6BD-A63F-008D-2BB7-7A562D0A89A1}.Debug|Any CPU.ActiveCfg = Debug|Any CPU
		{E17EC6BD-A63F-008D-2BB7-7A562D0A89A1}.Debug|Any CPU.Build.0 = Debug|Any CPU
		{E17EC6BD-A63F-008D-2BB7-7A562D0A89A1}.Release|Any CPU.ActiveCfg = Release|Any CPU
		{E17EC6BD-A63F-008D-2BB7-7A562D0A89A1}.Release|Any CPU.Build.0 = Release|Any CPU
		{04C37C22-F152-69DC-A72A-3C8C662D050A}.Debug|Any CPU.ActiveCfg = Debug|Any CPU
		{04C37C22-F152-69DC-A72A-3C8C662D050A}.Debug|Any CPU.Build.0 = Debug|Any CPU
		{04C37C22-F152-69DC-A72A-3C8C662D050A}.Release|Any CPU.ActiveCfg = Release|Any CPU
		{04C37C22-F152-69DC-A72A-3C8C662D050A}.Release|Any CPU.Build.0 = Release|Any CPU
		{69EFBAD6-4C8F-6302-CD1E-F57CF3E8012A}.Debug|Any CPU.ActiveCfg = Debug|Any CPU
		{69EFBAD6-4C8F-6302-CD1E-F57CF3E8012A}.Debug|Any CPU.Build.0 = Debug|Any CPU
		{69EFBAD6-4C8F-6302-CD1E-F57CF3E8012A}.Release|Any CPU.ActiveCfg = Release|Any CPU
		{69EFBAD6-4C8F-6302-CD1E-F57CF3E8012A}.Release|Any CPU.Build.0 = Release|Any CPU
		{8BD82A11-EE78-8DE7-0902-9B495C8061A5}.Debug|Any CPU.ActiveCfg = Debug|Any CPU
		{8BD82A11-EE78-8DE7-0902-9B495C8061A5}.Debug|Any CPU.Build.0 = Debug|Any CPU
		{8BD82A11-EE78-8DE7-0902-9B495C8061A5}.Release|Any CPU.ActiveCfg = Release|Any CPU
		{8BD82A11-EE78-8DE7-0902-9B495C8061A5}.Release|Any CPU.Build.0 = Release|Any CPU
		{29AA2091-9644-496D-272F-2646165D29B7}.Debug|Any CPU.ActiveCfg = Debug|Any CPU
		{29AA2091-9644-496D-272F-2646165D29B7}.Debug|Any CPU.Build.0 = Debug|Any CPU
		{29AA2091-9644-496D-272F-2646165D29B7}.Release|Any CPU.ActiveCfg = Release|Any CPU
		{29AA2091-9644-496D-272F-2646165D29B7}.Release|Any CPU.Build.0 = Release|Any CPU
		{C05D5B52-3BB6-5D56-FA18-3C658F90382F}.Debug|Any CPU.ActiveCfg = Debug|Any CPU
		{C05D5B52-3BB6-5D56-FA18-3C658F90382F}.Debug|Any CPU.Build.0 = Debug|Any CPU
		{C05D5B52-3BB6-5D56-FA18-3C658F90382F}.Release|Any CPU.ActiveCfg = Release|Any CPU
		{C05D5B52-3BB6-5D56-FA18-3C658F90382F}.Release|Any CPU.Build.0 = Release|Any CPU
		{1C9AFE31-A0E7-C14D-A78F-337C37CC2926}.Debug|Any CPU.ActiveCfg = Debug|Any CPU
		{1C9AFE31-A0E7-C14D-A78F-337C37CC2926}.Debug|Any CPU.Build.0 = Debug|Any CPU
		{1C9AFE31-A0E7-C14D-A78F-337C37CC2926}.Release|Any CPU.ActiveCfg = Release|Any CPU
		{1C9AFE31-A0E7-C14D-A78F-337C37CC2926}.Release|Any CPU.Build.0 = Release|Any CPU
		{99BC77AA-5E24-DEBF-1CD0-40D7CA64CABB}.Debug|Any CPU.ActiveCfg = Debug|Any CPU
		{99BC77AA-5E24-DEBF-1CD0-40D7CA64CABB}.Debug|Any CPU.Build.0 = Debug|Any CPU
		{99BC77AA-5E24-DEBF-1CD0-40D7CA64CABB}.Release|Any CPU.ActiveCfg = Release|Any CPU
		{99BC77AA-5E24-DEBF-1CD0-40D7CA64CABB}.Release|Any CPU.Build.0 = Release|Any CPU
		{D32C5FD7-EA37-659B-0A28-6B674AC4BB38}.Debug|Any CPU.ActiveCfg = Debug|Any CPU
		{D32C5FD7-EA37-659B-0A28-6B674AC4BB38}.Debug|Any CPU.Build.0 = Debug|Any CPU
		{D32C5FD7-EA37-659B-0A28-6B674AC4BB38}.Release|Any CPU.ActiveCfg = Release|Any CPU
		{D32C5FD7-EA37-659B-0A28-6B674AC4BB38}.Release|Any CPU.Build.0 = Release|Any CPU
		{C1689504-ADAB-EC44-44CE-C23DB3024B46}.Debug|Any CPU.ActiveCfg = Debug|Any CPU
		{C1689504-ADAB-EC44-44CE-C23DB3024B46}.Debug|Any CPU.Build.0 = Debug|Any CPU
		{C1689504-ADAB-EC44-44CE-C23DB3024B46}.Release|Any CPU.ActiveCfg = Release|Any CPU
		{C1689504-ADAB-EC44-44CE-C23DB3024B46}.Release|Any CPU.Build.0 = Release|Any CPU
		{EDA8EA0D-CD73-3129-2D81-425AE3D94808}.Debug|Any CPU.ActiveCfg = Debug|Any CPU
		{EDA8EA0D-CD73-3129-2D81-425AE3D94808}.Debug|Any CPU.Build.0 = Debug|Any CPU
		{EDA8EA0D-CD73-3129-2D81-425AE3D94808}.Release|Any CPU.ActiveCfg = Release|Any CPU
		{EDA8EA0D-CD73-3129-2D81-425AE3D94808}.Release|Any CPU.Build.0 = Release|Any CPU
		{51122350-27B0-87B2-F5A0-DF65863EE967}.Debug|Any CPU.ActiveCfg = Debug|Any CPU
		{51122350-27B0-87B2-F5A0-DF65863EE967}.Debug|Any CPU.Build.0 = Debug|Any CPU
		{51122350-27B0-87B2-F5A0-DF65863EE967}.Release|Any CPU.ActiveCfg = Release|Any CPU
		{51122350-27B0-87B2-F5A0-DF65863EE967}.Release|Any CPU.Build.0 = Release|Any CPU
		{0DFDBD2D-8343-E890-F6BB-9E2D84FF8E62}.Debug|Any CPU.ActiveCfg = Debug|Any CPU
		{0DFDBD2D-8343-E890-F6BB-9E2D84FF8E62}.Debug|Any CPU.Build.0 = Debug|Any CPU
		{0DFDBD2D-8343-E890-F6BB-9E2D84FF8E62}.Release|Any CPU.ActiveCfg = Release|Any CPU
		{0DFDBD2D-8343-E890-F6BB-9E2D84FF8E62}.Release|Any CPU.Build.0 = Release|Any CPU
	EndGlobalSection
	GlobalSection(SolutionProperties) = preSolution
		HideSolutionNode = FALSE
	EndGlobalSection
	GlobalSection(ExtensibilityGlobals) = postSolution
		SolutionGuid = {BE144369-F40C-4159-9BE2-CB40FDFC78B0}
	EndGlobalSection
EndGlobal
